
Microsoft Visual Studio Solution File, Format Version 12.00
# Visual Studio Version 17
VisualStudioVersion = 17.5.33502.453
MinimumVisualStudioVersion = 10.0.40219.1
Project("{FAE04EC0-301F-11D3-BF4B-00C04F79EFBC}") = "Almacen", "Almacen.csproj", "{7D544093-6739-4B81-B209-980FE0622750}"
EndProject
Global
	GlobalSection(SolutionConfigurationPlatforms) = preSolution
		Debug|Any CPU = Debug|Any CPU
		Release|Any CPU = Release|Any CPU
	EndGlobalSection
	GlobalSection(ProjectConfigurationPlatforms) = postSolution
		{7D544093-6739-4B81-B209-980FE0622750}.Debug|Any CPU.ActiveCfg = Debug|Any CPU
		{7D544093-6739-4B81-B209-980FE0622750}.Debug|Any CPU.Build.0 = Debug|Any CPU
		{7D544093-6739-4B81-B209-980FE0622750}.Release|Any CPU.ActiveCfg = Release|Any CPU
		{7D544093-6739-4B81-B209-980FE0622750}.Release|Any CPU.Build.0 = Release|Any CPU
	EndGlobalSection
	GlobalSection(SolutionProperties) = preSolution
		HideSolutionNode = FALSE
	EndGlobalSection
	GlobalSection(ExtensibilityGlobals) = postSolution
		SolutionGuid = {4FC35E0D-D269-4626-85A5-435ED302CEF7}
	EndGlobalSection
EndGlobal
